
Microsoft Visual Studio Solution File, Format Version 12.00
# Visual Studio Version 17
VisualStudioVersion = 17.5.33424.131
MinimumVisualStudioVersion = 10.0.40219.1
Project("{FAE04EC0-301F-11D3-BF4B-00C04F79EFBC}") = "AuthService", "AuthService.csproj", "{B614461F-18C2-4F01-B2BF-FC8B701DDF3C}"
EndProject
Global
	GlobalSection(SolutionConfigurationPlatforms) = preSolution
		Debug|Any CPU = Debug|Any CPU
		Release|Any CPU = Release|Any CPU
	EndGlobalSection
	GlobalSection(ProjectConfigurationPlatforms) = postSolution
		{B614461F-18C2-4F01-B2BF-FC8B701DDF3C}.Debug|Any CPU.ActiveCfg = Debug|Any CPU
		{B614461F-18C2-4F01-B2BF-FC8B701DDF3C}.Debug|Any CPU.Build.0 = Debug|Any CPU
		{B614461F-18C2-4F01-B2BF-FC8B701DDF3C}.Release|Any CPU.ActiveCfg = Release|Any CPU
		{B614461F-18C2-4F01-B2BF-FC8B701DDF3C}.Release|Any CPU.Build.0 = Release|Any CPU
	EndGlobalSection
	GlobalSection(SolutionProperties) = preSolution
		HideSolutionNode = FALSE
	EndGlobalSection
	GlobalSection(ExtensibilityGlobals) = postSolution
		SolutionGuid = {530472E4-1A53-4B6A-8C3B-17D56DDDEE60}
	EndGlobalSection
EndGlobal
